
Microsoft Visual Studio Solution File, Format Version 12.00
# Visual Studio Version 17
VisualStudioVersion = 17.9.34723.18
MinimumVisualStudioVersion = 10.0.40219.1
Project("{FAE04EC0-301F-11D3-BF4B-00C04F79EFBC}") = "HttpPatchExcercise", "HttpPatchExcercise\HttpPatchExcercise.csproj", "{0CA80EC4-3311-424B-B34B-E8D317FEC295}"
EndProject
Global
	GlobalSection(SolutionConfigurationPlatforms) = preSolution
		Debug|Any CPU = Debug|Any CPU
		Release|Any CPU = Release|Any CPU
	EndGlobalSection
	GlobalSection(ProjectConfigurationPlatforms) = postSolution
		{0CA80EC4-3311-424B-B34B-E8D317FEC295}.Debug|Any CPU.ActiveCfg = Debug|Any CPU
		{0CA80EC4-3311-424B-B34B-E8D317FEC295}.Debug|Any CPU.Build.0 = Debug|Any CPU
		{0CA80EC4-3311-424B-B34B-E8D317FEC295}.Release|Any CPU.ActiveCfg = Release|Any CPU
		{0CA80EC4-3311-424B-B34B-E8D317FEC295}.Release|Any CPU.Build.0 = Release|Any CPU
	EndGlobalSection
	GlobalSection(SolutionProperties) = preSolution
		HideSolutionNode = FALSE
	EndGlobalSection
	GlobalSection(ExtensibilityGlobals) = postSolution
		SolutionGuid = {86ADC698-4B2E-4FF0-85DE-D5BE4F5A6AA9}
	EndGlobalSection
EndGlobal
